
Microsoft Visual Studio Solution File, Format Version 12.00
# Visual Studio Version 16
VisualStudioVersion = 16.0.29318.209
MinimumVisualStudioVersion = 10.0.40219.1
Project("{8BC9CEB8-8B4A-11D0-8D11-00A0C91BC942}") = "atomicPlugin", "atomicPlugin\plugins\atomicPlugin.vcxproj", "{B97A505D-F763-4C52-A4D6-896E61CC07A4}"
EndProject
Global
	GlobalSection(SolutionConfigurationPlatforms) = preSolution
		Debug|x64 = Debug|x64
		Debug|x86 = Debug|x86
		Release|x64 = Release|x64
		Release|x86 = Release|x86
	EndGlobalSection
	GlobalSection(ProjectConfigurationPlatforms) = postSolution
		{B97A505D-F763-4C52-A4D6-896E61CC07A4}.Debug|x64.ActiveCfg = Debug|x64
		{B97A505D-F763-4C52-A4D6-896E61CC07A4}.Debug|x64.Build.0 = Debug|x64
		{B97A505D-F763-4C52-A4D6-896E61CC07A4}.Debug|x86.ActiveCfg = Debug|Win32
		{B97A505D-F763-4C52-A4D6-896E61CC07A4}.Debug|x86.Build.0 = Debug|Win32
		{B97A505D-F763-4C52-A4D6-896E61CC07A4}.Release|x64.ActiveCfg = Release|x64
		{B97A505D-F763-4C52-A4D6-896E61CC07A4}.Release|x64.Build.0 = Release|x64
		{B97A505D-F763-4C52-A4D6-896E61CC07A4}.Release|x86.ActiveCfg = Release|Win32
		{B97A505D-F763-4C52-A4D6-896E61CC07A4}.Release|x86.Build.0 = Release|Win32
	EndGlobalSection
	GlobalSection(SolutionProperties) = preSolution
		HideSolutionNode = FALSE
	EndGlobalSection
	GlobalSection(ExtensibilityGlobals) = postSolution
		SolutionGuid = {ADE37642-9DB3-46AB-8428-B8407B8BB359}
	EndGlobalSection
EndGlobal
